
Microsoft Visual Studio Solution File, Format Version 12.00
Project("{FAE04EC0-301F-11D3-BF4B-00C04F79EFBC}") = "CryptoPriceTracking.API", "CryptoPriceTracking.API\CryptoPriceTracking.API.csproj", "{51FB0888-B150-4241-97D2-2829844D71FB}"
EndProject
Global
	GlobalSection(SolutionConfigurationPlatforms) = preSolution
		Debug|Any CPU = Debug|Any CPU
		Release|Any CPU = Release|Any CPU
	EndGlobalSection
	GlobalSection(ProjectConfigurationPlatforms) = postSolution
		{51FB0888-B150-4241-97D2-2829844D71FB}.Debug|Any CPU.ActiveCfg = Debug|Any CPU
		{51FB0888-B150-4241-97D2-2829844D71FB}.Debug|Any CPU.Build.0 = Debug|Any CPU
		{51FB0888-B150-4241-97D2-2829844D71FB}.Release|Any CPU.ActiveCfg = Release|Any CPU
		{51FB0888-B150-4241-97D2-2829844D71FB}.Release|Any CPU.Build.0 = Release|Any CPU
	EndGlobalSection
EndGlobal
